
Microsoft Visual Studio Solution File, Format Version 12.00
# Visual Studio Version 17
VisualStudioVersion = 17.3.32929.385
MinimumVisualStudioVersion = 10.0.40219.1
Project("{FAE04EC0-301F-11D3-BF4B-00C04F79EFBC}") = "CalculadoraCorrida", "CalculadoraCorrida\CalculadoraCorrida.csproj", "{02299E2C-6672-42E6-99E1-F137C0D5E68D}"
EndProject
Global
	GlobalSection(SolutionConfigurationPlatforms) = preSolution
		Debug|Any CPU = Debug|Any CPU
		Release|Any CPU = Release|Any CPU
	EndGlobalSection
	GlobalSection(ProjectConfigurationPlatforms) = postSolution
		{02299E2C-6672-42E6-99E1-F137C0D5E68D}.Debug|Any CPU.ActiveCfg = Debug|Any CPU
		{02299E2C-6672-42E6-99E1-F137C0D5E68D}.Debug|Any CPU.Build.0 = Debug|Any CPU
		{02299E2C-6672-42E6-99E1-F137C0D5E68D}.Release|Any CPU.ActiveCfg = Release|Any CPU
		{02299E2C-6672-42E6-99E1-F137C0D5E68D}.Release|Any CPU.Build.0 = Release|Any CPU
	EndGlobalSection
	GlobalSection(SolutionProperties) = preSolution
		HideSolutionNode = FALSE
	EndGlobalSection
	GlobalSection(ExtensibilityGlobals) = postSolution
		SolutionGuid = {5232C361-A8F6-497E-8A59-5A7608B393C7}
	EndGlobalSection
EndGlobal
