
Microsoft Visual Studio Solution File, Format Version 12.00
# Visual Studio Version 17
VisualStudioVersion = 17.3.32929.385
MinimumVisualStudioVersion = 10.0.40219.1
Project("{FAE04EC0-301F-11D3-BF4B-00C04F79EFBC}") = "CalcularArmazenarIMC", "CalcularArmazenarIMC\CalcularArmazenarIMC.csproj", "{041D0F32-3E4B-4446-A516-E73B179708B3}"
EndProject
Global
	GlobalSection(SolutionConfigurationPlatforms) = preSolution
		Debug|Any CPU = Debug|Any CPU
		Release|Any CPU = Release|Any CPU
	EndGlobalSection
	GlobalSection(ProjectConfigurationPlatforms) = postSolution
		{041D0F32-3E4B-4446-A516-E73B179708B3}.Debug|Any CPU.ActiveCfg = Debug|Any CPU
		{041D0F32-3E4B-4446-A516-E73B179708B3}.Debug|Any CPU.Build.0 = Debug|Any CPU
		{041D0F32-3E4B-4446-A516-E73B179708B3}.Release|Any CPU.ActiveCfg = Release|Any CPU
		{041D0F32-3E4B-4446-A516-E73B179708B3}.Release|Any CPU.Build.0 = Release|Any CPU
	EndGlobalSection
	GlobalSection(SolutionProperties) = preSolution
		HideSolutionNode = FALSE
	EndGlobalSection
	GlobalSection(ExtensibilityGlobals) = postSolution
		SolutionGuid = {A4006A15-419E-4383-85B4-5067C7005CC5}
	EndGlobalSection
EndGlobal
